
Microsoft Visual Studio Solution File, Format Version 12.00
# Visual Studio Version 16
VisualStudioVersion = 16.0.30114.105
MinimumVisualStudioVersion = 10.0.40219.1
Project("{FAE04EC0-301F-11D3-BF4B-00C04F79EFBC}") = "HostedServiceDemo", "HostedServiceDemo\HostedServiceDemo.csproj", "{9F120D95-1F97-4B7E-AF21-7089D6588D2B}"
EndProject
Global
	GlobalSection(SolutionConfigurationPlatforms) = preSolution
		Debug|Any CPU = Debug|Any CPU
		Release|Any CPU = Release|Any CPU
	EndGlobalSection
	GlobalSection(ProjectConfigurationPlatforms) = postSolution
		{9F120D95-1F97-4B7E-AF21-7089D6588D2B}.Debug|Any CPU.ActiveCfg = Debug|Any CPU
		{9F120D95-1F97-4B7E-AF21-7089D6588D2B}.Debug|Any CPU.Build.0 = Debug|Any CPU
		{9F120D95-1F97-4B7E-AF21-7089D6588D2B}.Release|Any CPU.ActiveCfg = Release|Any CPU
		{9F120D95-1F97-4B7E-AF21-7089D6588D2B}.Release|Any CPU.Build.0 = Release|Any CPU
	EndGlobalSection
	GlobalSection(SolutionProperties) = preSolution
		HideSolutionNode = FALSE
	EndGlobalSection
	GlobalSection(ExtensibilityGlobals) = postSolution
		SolutionGuid = {ACFBEECF-4A55-491A-94DA-8BF5F36DCFB1}
	EndGlobalSection
EndGlobal
